
Microsoft Visual Studio Solution File, Format Version 12.00
# Visual Studio Version 17
VisualStudioVersion = 17.13.35825.156
MinimumVisualStudioVersion = 10.0.40219.1
Project("{FAE04EC0-301F-11D3-BF4B-00C04F79EFBC}") = "FETCh", "FETCh.csproj", "{6BC3023C-4A39-4802-B3FE-DE23E1E56633}"
EndProject
Project("{FAE04EC0-301F-11D3-BF4B-00C04F79EFBC}") = "FetchData", "..\FetchData\FetchData.csproj", "{1D51F9BA-A059-4BAD-97D2-758DFF5891AA}"
EndProject
Global
	GlobalSection(SolutionConfigurationPlatforms) = preSolution
		Debug|Any CPU = Debug|Any CPU
		Release|Any CPU = Release|Any CPU
	EndGlobalSection
	GlobalSection(ProjectConfigurationPlatforms) = postSolution
		{6BC3023C-4A39-4802-B3FE-DE23E1E56633}.Debug|Any CPU.ActiveCfg = Debug|Any CPU
		{6BC3023C-4A39-4802-B3FE-DE23E1E56633}.Debug|Any CPU.Build.0 = Debug|Any CPU
		{6BC3023C-4A39-4802-B3FE-DE23E1E56633}.Release|Any CPU.ActiveCfg = Release|Any CPU
		{6BC3023C-4A39-4802-B3FE-DE23E1E56633}.Release|Any CPU.Build.0 = Release|Any CPU
		{1D51F9BA-A059-4BAD-97D2-758DFF5891AA}.Debug|Any CPU.ActiveCfg = Debug|Any CPU
		{1D51F9BA-A059-4BAD-97D2-758DFF5891AA}.Debug|Any CPU.Build.0 = Debug|Any CPU
		{1D51F9BA-A059-4BAD-97D2-758DFF5891AA}.Release|Any CPU.ActiveCfg = Release|Any CPU
		{1D51F9BA-A059-4BAD-97D2-758DFF5891AA}.Release|Any CPU.Build.0 = Release|Any CPU
	EndGlobalSection
	GlobalSection(SolutionProperties) = preSolution
		HideSolutionNode = FALSE
	EndGlobalSection
	GlobalSection(ExtensibilityGlobals) = postSolution
		SolutionGuid = {CF2DF434-A2A0-4D50-8BA8-A6C0A33863D0}
	EndGlobalSection
EndGlobal
